
Microsoft Visual Studio Solution File, Format Version 12.00
# Visual Studio 2012
Project("{FAE04EC0-301F-11D3-BF4B-00C04F79EFBC}") = "BarcodeGenerator", "BarcodeGenerator\BarcodeGenerator.csproj", "{F8A89CA7-5DDF-4EA4-B80D-E04686A584D8}"
EndProject
Project("{FAE04EC0-301F-11D3-BF4B-00C04F79EFBC}") = "BarcodeGeneratorGUI", "BarcodeGeneratorGUI\BarcodeGeneratorGUI.csproj", "{F94554B3-D1BD-448C-ABF8-348E47C7FA7E}"
EndProject
Project("{FAE04EC0-301F-11D3-BF4B-00C04F79EFBC}") = "BarcodeGeneratorTest", "BarcodeGeneratorTest\BarcodeGeneratorTest.csproj", "{AFC5D390-4E80-45F1-802C-3F942857DA43}"
EndProject
Global
	GlobalSection(SolutionConfigurationPlatforms) = preSolution
		Debug|Any CPU = Debug|Any CPU
		Release|Any CPU = Release|Any CPU
	EndGlobalSection
	GlobalSection(ProjectConfigurationPlatforms) = postSolution
		{F8A89CA7-5DDF-4EA4-B80D-E04686A584D8}.Debug|Any CPU.ActiveCfg = Debug|Any CPU
		{F8A89CA7-5DDF-4EA4-B80D-E04686A584D8}.Debug|Any CPU.Build.0 = Debug|Any CPU
		{F8A89CA7-5DDF-4EA4-B80D-E04686A584D8}.Release|Any CPU.ActiveCfg = Release|Any CPU
		{F8A89CA7-5DDF-4EA4-B80D-E04686A584D8}.Release|Any CPU.Build.0 = Release|Any CPU
		{F94554B3-D1BD-448C-ABF8-348E47C7FA7E}.Debug|Any CPU.ActiveCfg = Debug|Any CPU
		{F94554B3-D1BD-448C-ABF8-348E47C7FA7E}.Debug|Any CPU.Build.0 = Debug|Any CPU
		{F94554B3-D1BD-448C-ABF8-348E47C7FA7E}.Release|Any CPU.ActiveCfg = Release|Any CPU
		{F94554B3-D1BD-448C-ABF8-348E47C7FA7E}.Release|Any CPU.Build.0 = Release|Any CPU
		{AFC5D390-4E80-45F1-802C-3F942857DA43}.Debug|Any CPU.ActiveCfg = Debug|Any CPU
		{AFC5D390-4E80-45F1-802C-3F942857DA43}.Debug|Any CPU.Build.0 = Debug|Any CPU
		{AFC5D390-4E80-45F1-802C-3F942857DA43}.Release|Any CPU.ActiveCfg = Release|Any CPU
		{AFC5D390-4E80-45F1-802C-3F942857DA43}.Release|Any CPU.Build.0 = Release|Any CPU
	EndGlobalSection
	GlobalSection(SolutionProperties) = preSolution
		HideSolutionNode = FALSE
	EndGlobalSection
EndGlobal
